
Microsoft Visual Studio Solution File, Format Version 12.00
# Visual Studio Version 17
VisualStudioVersion = 17.2.32526.322
MinimumVisualStudioVersion = 10.0.40219.1
Project("{FAE04EC0-301F-11D3-BF4B-00C04F79EFBC}") = "CatClimber", "CatClimber.csproj", "{8ECB14D8-5334-49BC-8D5F-896A20F45DAF}"
EndProject
Global
	GlobalSection(SolutionConfigurationPlatforms) = preSolution
		Debug|Any CPU = Debug|Any CPU
		Release|Any CPU = Release|Any CPU
	EndGlobalSection
	GlobalSection(ProjectConfigurationPlatforms) = postSolution
		{8ECB14D8-5334-49BC-8D5F-896A20F45DAF}.Debug|Any CPU.ActiveCfg = Debug|Any CPU
		{8ECB14D8-5334-49BC-8D5F-896A20F45DAF}.Debug|Any CPU.Build.0 = Debug|Any CPU
		{8ECB14D8-5334-49BC-8D5F-896A20F45DAF}.Release|Any CPU.ActiveCfg = Release|Any CPU
		{8ECB14D8-5334-49BC-8D5F-896A20F45DAF}.Release|Any CPU.Build.0 = Release|Any CPU
	EndGlobalSection
	GlobalSection(SolutionProperties) = preSolution
		HideSolutionNode = FALSE
	EndGlobalSection
	GlobalSection(ExtensibilityGlobals) = postSolution
		SolutionGuid = {A2D4D9A1-895D-41B4-AFA5-F49301D1BB25}
	EndGlobalSection
EndGlobal
